// !$*UTF8*$!
{
	archiveVersion = 1;
	classes = {
	};
	objectVersion = 48;
	objects = {

/* Begin PBXBuildFile section */
		B6959F01DA6BF97D08CA13B8 /* Pods_SampleApp.framework in Frameworks */ = {isa = PBXBuildFile; fileRef = 2B68370414BA7B9596DA6D3D /* Pods_SampleApp.framework */; };
		C20A893D1F28767A0033076D /* AudioCallViewController.swift in Sources */ = {isa = PBXBuildFile; fileRef = C20A893C1F28767A0033076D /* AudioCallViewController.swift */; };
		C20A893F1F28768C0033076D /* FileTransferViewController.swift in Sources */ = {isa = PBXBuildFile; fileRef = C20A893E1F28768C0033076D /* FileTransferViewController.swift */; };
		C20A89411F28769C0033076D /* MessagesViewController.swift in Sources */ = {isa = PBXBuildFile; fileRef = C20A89401F28769C0033076D /* MessagesViewController.swift */; };
		C20A89431F2876AA0033076D /* MultiVideoCallViewController.swift in Sources */ = {isa = PBXBuildFile; fileRef = C20A89421F2876AA0033076D /* MultiVideoCallViewController.swift */; };
		C20A89451F2876BE0033076D /* VideoCallViewController.swift in Sources */ = {isa = PBXBuildFile; fileRef = C20A89441F2876BE0033076D /* VideoCallViewController.swift */; };
		C20A89471F2876CE0033076D /* HomeViewController.swift in Sources */ = {isa = PBXBuildFile; fileRef = C20A89461F2876CE0033076D /* HomeViewController.swift */; };
		C20A89491F2876EA0033076D /* Constants.swift in Sources */ = {isa = PBXBuildFile; fileRef = C20A89481F2876EA0033076D /* Constants.swift */; };
		C20A894D1F29AC490033076D /* UIAspectFitButton.swift in Sources */ = {isa = PBXBuildFile; fileRef = C20A894C1F29AC490033076D /* UIAspectFitButton.swift */; };
		C2307D6E1F286BDC003DE8B1 /* AppDelegate.swift in Sources */ = {isa = PBXBuildFile; fileRef = C2307D6D1F286BDC003DE8B1 /* AppDelegate.swift */; };
		C2307D731F286BDC003DE8B1 /* Main.storyboard in Resources */ = {isa = PBXBuildFile; fileRef = C2307D711F286BDC003DE8B1 /* Main.storyboard */; };
		C2307D751F286BDC003DE8B1 /* Assets.xcassets in Resources */ = {isa = PBXBuildFile; fileRef = C2307D741F286BDC003DE8B1 /* Assets.xcassets */; };
		C2307D781F286BDC003DE8B1 /* LaunchScreen.storyboard in Resources */ = {isa = PBXBuildFile; fileRef = C2307D761F286BDC003DE8B1 /* LaunchScreen.storyboard */; };
		C28D2D341F8774CE00FEFF70 /* IASKLocalizable.strings in Resources */ = {isa = PBXBuildFile; fileRef = C28D2D001F8774CE00FEFF70 /* IASKLocalizable.strings */; };
		C28D2D351F8774CE00FEFF70 /* IASKSpecifier.m in Sources */ = {isa = PBXBuildFile; fileRef = C28D2D121F8774CE00FEFF70 /* IASKSpecifier.m */; };
		C28D2D361F8774CE00FEFF70 /* IASKSettingsStoreUserDefaults.m in Sources */ = {isa = PBXBuildFile; fileRef = C28D2D141F8774CE00FEFF70 /* IASKSettingsStoreUserDefaults.m */; };
		C28D2D371F8774CE00FEFF70 /* IASKSettingsReader.m in Sources */ = {isa = PBXBuildFile; fileRef = C28D2D151F8774CE00FEFF70 /* IASKSettingsReader.m */; };
		C28D2D381F8774CE00FEFF70 /* IASKSettingsStoreFile.m in Sources */ = {isa = PBXBuildFile; fileRef = C28D2D161F8774CE00FEFF70 /* IASKSettingsStoreFile.m */; };
		C28D2D391F8774CE00FEFF70 /* IASKSettingsStore.m in Sources */ = {isa = PBXBuildFile; fileRef = C28D2D181F8774CE00FEFF70 /* IASKSettingsStore.m */; };
		C28D2D3A1F8774CE00FEFF70 /* IASKAppSettingsWebViewController.m in Sources */ = {isa = PBXBuildFile; fileRef = C28D2D1F1F8774CE00FEFF70 /* IASKAppSettingsWebViewController.m */; };
		C28D2D3B1F8774CE00FEFF70 /* IASKAppSettingsViewController.m in Sources */ = {isa = PBXBuildFile; fileRef = C28D2D201F8774CE00FEFF70 /* IASKAppSettingsViewController.m */; };
		C28D2D3C1F8774CE00FEFF70 /* IASKMultipleValueSelection.m in Sources */ = {isa = PBXBuildFile; fileRef = C28D2D211F8774CE00FEFF70 /* IASKMultipleValueSelection.m */; };
		C28D2D3D1F8774CE00FEFF70 /* IASKSpecifierValuesViewController.m in Sources */ = {isa = PBXBuildFile; fileRef = C28D2D241F8774CE00FEFF70 /* IASKSpecifierValuesViewController.m */; };
		C28D2D3E1F8774CE00FEFF70 /* IASKTextView.m in Sources */ = {isa = PBXBuildFile; fileRef = C28D2D281F8774CE00FEFF70 /* IASKTextView.m */; };
		C28D2D3F1F8774CE00FEFF70 /* IASKPSSliderSpecifierViewCell.m in Sources */ = {isa = PBXBuildFile; fileRef = C28D2D291F8774CE00FEFF70 /* IASKPSSliderSpecifierViewCell.m */; };
		C28D2D401F8774CE00FEFF70 /* IASKSwitch.m in Sources */ = {isa = PBXBuildFile; fileRef = C28D2D2E1F8774CE00FEFF70 /* IASKSwitch.m */; };
		C28D2D411F8774CE00FEFF70 /* IASKPSTextFieldSpecifierViewCell.m in Sources */ = {isa = PBXBuildFile; fileRef = C28D2D2F1F8774CE00FEFF70 /* IASKPSTextFieldSpecifierViewCell.m */; };
		C28D2D421F8774CE00FEFF70 /* IASKTextField.m in Sources */ = {isa = PBXBuildFile; fileRef = C28D2D311F8774CE00FEFF70 /* IASKTextField.m */; };
		C28D2D431F8774CE00FEFF70 /* IASKTextViewCell.m in Sources */ = {isa = PBXBuildFile; fileRef = C28D2D321F8774CE00FEFF70 /* IASKTextViewCell.m */; };
		C28D2D441F8774CE00FEFF70 /* IASKSlider.m in Sources */ = {isa = PBXBuildFile; fileRef = C28D2D331F8774CE00FEFF70 /* IASKSlider.m */; };
		C28D2D461F8774D300FEFF70 /* Settings.bundle in Resources */ = {isa = PBXBuildFile; fileRef = C28D2D451F8774D300FEFF70 /* Settings.bundle */; };
		C28D2D481F8774D900FEFF70 /* SettingsViewController.swift in Sources */ = {isa = PBXBuildFile; fileRef = C28D2D471F8774D900FEFF70 /* SettingsViewController.swift */; };
		C28DFDB61F84A32600BF67D7 /* DataTransferViewController.swift in Sources */ = {isa = PBXBuildFile; fileRef = C28DFDB51F84A32600BF67D7 /* DataTransferViewController.swift */; };
/* End PBXBuildFile section */

/* Begin PBXFileReference section */
		2B68370414BA7B9596DA6D3D /* Pods_SampleApp.framework */ = {isa = PBXFileReference; explicitFileType = wrapper.framework; includeInIndex = 0; path = Pods_SampleApp.framework; sourceTree = BUILT_PRODUCTS_DIR; };
		5008811218FCFFA7E006B412 /* Pods-SampleApp.release.xcconfig */ = {isa = PBXFileReference; includeInIndex = 1; lastKnownFileType = text.xcconfig; name = "Pods-SampleApp.release.xcconfig"; path = "Pods/Target Support Files/Pods-SampleApp/Pods-SampleApp.release.xcconfig"; sourceTree = "<group>"; };
		7AB7CB21FA0157DC54F51756 /* Pods-SampleApp.debug.xcconfig */ = {isa = PBXFileReference; includeInIndex = 1; lastKnownFileType = text.xcconfig; name = "Pods-SampleApp.debug.xcconfig"; path = "Pods/Target Support Files/Pods-SampleApp/Pods-SampleApp.debug.xcconfig"; sourceTree = "<group>"; };
		C20A893C1F28767A0033076D /* AudioCallViewController.swift */ = {isa = PBXFileReference; lastKnownFileType = sourcecode.swift; path = AudioCallViewController.swift; sourceTree = "<group>"; };
		C20A893E1F28768C0033076D /* FileTransferViewController.swift */ = {isa = PBXFileReference; lastKnownFileType = sourcecode.swift; path = FileTransferViewController.swift; sourceTree = "<group>"; };
		C20A89401F28769C0033076D /* MessagesViewController.swift */ = {isa = PBXFileReference; lastKnownFileType = sourcecode.swift; path = MessagesViewController.swift; sourceTree = "<group>"; };
		C20A89421F2876AA0033076D /* MultiVideoCallViewController.swift */ = {isa = PBXFileReference; lastKnownFileType = sourcecode.swift; path = MultiVideoCallViewController.swift; sourceTree = "<group>"; };
		C20A89441F2876BE0033076D /* VideoCallViewController.swift */ = {isa = PBXFileReference; lastKnownFileType = sourcecode.swift; path = VideoCallViewController.swift; sourceTree = "<group>"; };
		C20A89461F2876CE0033076D /* HomeViewController.swift */ = {isa = PBXFileReference; lastKnownFileType = sourcecode.swift; path = HomeViewController.swift; sourceTree = "<group>"; };
		C20A89481F2876EA0033076D /* Constants.swift */ = {isa = PBXFileReference; lastKnownFileType = sourcecode.swift; path = Constants.swift; sourceTree = "<group>"; };
		C20A894C1F29AC490033076D /* UIAspectFitButton.swift */ = {isa = PBXFileReference; lastKnownFileType = sourcecode.swift; path = UIAspectFitButton.swift; sourceTree = "<group>"; };
		C2307D6A1F286BDC003DE8B1 /* SampleApp.app */ = {isa = PBXFileReference; explicitFileType = wrapper.application; includeInIndex = 0; path = SampleApp.app; sourceTree = BUILT_PRODUCTS_DIR; };
		C2307D6D1F286BDC003DE8B1 /* AppDelegate.swift */ = {isa = PBXFileReference; lastKnownFileType = sourcecode.swift; path = AppDelegate.swift; sourceTree = "<group>"; };
		C2307D721F286BDC003DE8B1 /* Base */ = {isa = PBXFileReference; lastKnownFileType = file.storyboard; name = Base; path = Base.lproj/Main.storyboard; sourceTree = "<group>"; };
		C2307D741F286BDC003DE8B1 /* Assets.xcassets */ = {isa = PBXFileReference; lastKnownFileType = folder.assetcatalog; path = Assets.xcassets; sourceTree = "<group>"; };
		C2307D771F286BDC003DE8B1 /* Base */ = {isa = PBXFileReference; lastKnownFileType = file.storyboard; name = Base; path = Base.lproj/LaunchScreen.storyboard; sourceTree = "<group>"; };
		C2307D791F286BDC003DE8B1 /* Info.plist */ = {isa = PBXFileReference; lastKnownFileType = text.plist.xml; path = Info.plist; sourceTree = "<group>"; };
		C2307D9E1F286CD4003DE8B1 /* sampleImage_groupTransfer.png */ = {isa = PBXFileReference; lastKnownFileType = image.png; path = sampleImage_groupTransfer.png; sourceTree = "<group>"; };
		C2307D9F1F286CD4003DE8B1 /* sampleImage_transfer.png */ = {isa = PBXFileReference; lastKnownFileType = image.png; path = sampleImage_transfer.png; sourceTree = "<group>"; };
		C2307DA01F286D35003DE8B1 /* SampleApp-Bridging-Header.h */ = {isa = PBXFileReference; lastKnownFileType = sourcecode.c.h; path = "SampleApp-Bridging-Header.h"; sourceTree = "<group>"; };
		C28D2D011F8774CE00FEFF70 /* de */ = {isa = PBXFileReference; lastKnownFileType = text.plist.strings; name = de; path = de.lproj/IASKLocalizable.strings; sourceTree = "<group>"; };
		C28D2D021F8774CE00FEFF70 /* el */ = {isa = PBXFileReference; lastKnownFileType = text.plist.strings; name = el; path = el.lproj/IASKLocalizable.strings; sourceTree = "<group>"; };
		C28D2D031F8774CE00FEFF70 /* ja */ = {isa = PBXFileReference; lastKnownFileType = text.plist.strings; name = ja; path = ja.lproj/IASKLocalizable.strings; sourceTree = "<group>"; };
		C28D2D041F8774CE00FEFF70 /* en */ = {isa = PBXFileReference; lastKnownFileType = text.plist.strings; name = en; path = en.lproj/IASKLocalizable.strings; sourceTree = "<group>"; };
		C28D2D051F8774CE00FEFF70 /* es */ = {isa = PBXFileReference; lastKnownFileType = text.plist.strings; name = es; path = es.lproj/IASKLocalizable.strings; sourceTree = "<group>"; };
		C28D2D061F8774CE00FEFF70 /* it */ = {isa = PBXFileReference; lastKnownFileType = text.plist.strings; name = it; path = it.lproj/IASKLocalizable.strings; sourceTree = "<group>"; };
		C28D2D071F8774CE00FEFF70 /* sv */ = {isa = PBXFileReference; lastKnownFileType = text.plist.strings; name = sv; path = sv.lproj/IASKLocalizable.strings; sourceTree = "<group>"; };
		C28D2D081F8774CE00FEFF70 /* Base */ = {isa = PBXFileReference; lastKnownFileType = text.plist.strings; name = Base; path = Base.lproj/IASKLocalizable.strings; sourceTree = "<group>"; };
		C28D2D091F8774CE00FEFF70 /* tr */ = {isa = PBXFileReference; lastKnownFileType = text.plist.strings; name = tr; path = tr.lproj/IASKLocalizable.strings; sourceTree = "<group>"; };
		C28D2D0A1F8774CE00FEFF70 /* ru */ = {isa = PBXFileReference; lastKnownFileType = text.plist.strings; name = ru; path = ru.lproj/IASKLocalizable.strings; sourceTree = "<group>"; };
		C28D2D0B1F8774CE00FEFF70 /* fr */ = {isa = PBXFileReference; lastKnownFileType = text.plist.strings; name = fr; path = fr.lproj/IASKLocalizable.strings; sourceTree = "<group>"; };
		C28D2D0C1F8774CE00FEFF70 /* nl */ = {isa = PBXFileReference; lastKnownFileType = text.plist.strings; name = nl; path = nl.lproj/IASKLocalizable.strings; sourceTree = "<group>"; };
		C28D2D0D1F8774CE00FEFF70 /* th */ = {isa = PBXFileReference; lastKnownFileType = text.plist.strings; name = th; path = th.lproj/IASKLocalizable.strings; sourceTree = "<group>"; };
		C28D2D0E1F8774CE00FEFF70 /* pt */ = {isa = PBXFileReference; lastKnownFileType = text.plist.strings; name = pt; path = pt.lproj/IASKLocalizable.strings; sourceTree = "<group>"; };
		C28D2D0F1F8774CE00FEFF70 /* pt-PT */ = {isa = PBXFileReference; lastKnownFileType = text.plist.strings; name = "pt-PT"; path = "pt-PT.lproj/IASKLocalizable.strings"; sourceTree = "<group>"; };
		C28D2D111F8774CE00FEFF70 /* IASKSettingsStore.h */ = {isa = PBXFileReference; fileEncoding = 4; lastKnownFileType = sourcecode.c.h; path = IASKSettingsStore.h; sourceTree = "<group>"; };
		C28D2D121F8774CE00FEFF70 /* IASKSpecifier.m */ = {isa = PBXFileReference; fileEncoding = 4; lastKnownFileType = sourcecode.c.objc; path = IASKSpecifier.m; sourceTree = "<group>"; };
		C28D2D131F8774CE00FEFF70 /* IASKSettingsStoreFile.h */ = {isa = PBXFileReference; fileEncoding = 4; lastKnownFileType = sourcecode.c.h; path = IASKSettingsStoreFile.h; sourceTree = "<group>"; };
		C28D2D141F8774CE00FEFF70 /* IASKSettingsStoreUserDefaults.m */ = {isa = PBXFileReference; fileEncoding = 4; lastKnownFileType = sourcecode.c.objc; path = IASKSettingsStoreUserDefaults.m; sourceTree = "<group>"; };
		C28D2D151F8774CE00FEFF70 /* IASKSettingsReader.m */ = {isa = PBXFileReference; fileEncoding = 4; lastKnownFileType = sourcecode.c.objc; path = IASKSettingsReader.m; sourceTree = "<group>"; };
		C28D2D161F8774CE00FEFF70 /* IASKSettingsStoreFile.m */ = {isa = PBXFileReference; fileEncoding = 4; lastKnownFileType = sourcecode.c.objc; path = IASKSettingsStoreFile.m; sourceTree = "<group>"; };
		C28D2D171F8774CE00FEFF70 /* IASKSpecifier.h */ = {isa = PBXFileReference; fileEncoding = 4; lastKnownFileType = sourcecode.c.h; path = IASKSpecifier.h; sourceTree = "<group>"; };
		C28D2D181F8774CE00FEFF70 /* IASKSettingsStore.m */ = {isa = PBXFileReference; fileEncoding = 4; lastKnownFileType = sourcecode.c.objc; path = IASKSettingsStore.m; sourceTree = "<group>"; };
		C28D2D191F8774CE00FEFF70 /* IASKSettingsReader.h */ = {isa = PBXFileReference; fileEncoding = 4; lastKnownFileType = sourcecode.c.h; path = IASKSettingsReader.h; sourceTree = "<group>"; };
		C28D2D1A1F8774CE00FEFF70 /* IASKSettingsStoreUserDefaults.h */ = {isa = PBXFileReference; fileEncoding = 4; lastKnownFileType = sourcecode.c.h; path = IASKSettingsStoreUserDefaults.h; sourceTree = "<group>"; };
		C28D2D1C1F8774CE00FEFF70 /* IASKMultipleValueSelection.h */ = {isa = PBXFileReference; fileEncoding = 4; lastKnownFileType = sourcecode.c.h; path = IASKMultipleValueSelection.h; sourceTree = "<group>"; };
		C28D2D1D1F8774CE00FEFF70 /* IASKAppSettingsViewController.h */ = {isa = PBXFileReference; fileEncoding = 4; lastKnownFileType = sourcecode.c.h; path = IASKAppSettingsViewController.h; sourceTree = "<group>"; };
		C28D2D1E1F8774CE00FEFF70 /* IASKSpecifierValuesViewController.h */ = {isa = PBXFileReference; fileEncoding = 4; lastKnownFileType = sourcecode.c.h; path = IASKSpecifierValuesViewController.h; sourceTree = "<group>"; };
		C28D2D1F1F8774CE00FEFF70 /* IASKAppSettingsWebViewController.m */ = {isa = PBXFileReference; fileEncoding = 4; lastKnownFileType = sourcecode.c.objc; path = IASKAppSettingsWebViewController.m; sourceTree = "<group>"; };
		C28D2D201F8774CE00FEFF70 /* IASKAppSettingsViewController.m */ = {isa = PBXFileReference; fileEncoding = 4; lastKnownFileType = sourcecode.c.objc; path = IASKAppSettingsViewController.m; sourceTree = "<group>"; };
		C28D2D211F8774CE00FEFF70 /* IASKMultipleValueSelection.m */ = {isa = PBXFileReference; fileEncoding = 4; lastKnownFileType = sourcecode.c.objc; path = IASKMultipleValueSelection.m; sourceTree = "<group>"; };
		C28D2D221F8774CE00FEFF70 /* IASKAppSettingsWebViewController.h */ = {isa = PBXFileReference; fileEncoding = 4; lastKnownFileType = sourcecode.c.h; path = IASKAppSettingsWebViewController.h; sourceTree = "<group>"; };
		C28D2D231F8774CE00FEFF70 /* IASKViewController.h */ = {isa = PBXFileReference; fileEncoding = 4; lastKnownFileType = sourcecode.c.h; path = IASKViewController.h; sourceTree = "<group>"; };
		C28D2D241F8774CE00FEFF70 /* IASKSpecifierValuesViewController.m */ = {isa = PBXFileReference; fileEncoding = 4; lastKnownFileType = sourcecode.c.objc; path = IASKSpecifierValuesViewController.m; sourceTree = "<group>"; };
		C28D2D261F8774CE00FEFF70 /* IASKPSTextFieldSpecifierViewCell.h */ = {isa = PBXFileReference; fileEncoding = 4; lastKnownFileType = sourcecode.c.h; path = IASKPSTextFieldSpecifierViewCell.h; sourceTree = "<group>"; };
		C28D2D271F8774CE00FEFF70 /* IASKSwitch.h */ = {isa = PBXFileReference; fileEncoding = 4; lastKnownFileType = sourcecode.c.h; path = IASKSwitch.h; sourceTree = "<group>"; };
		C28D2D281F8774CE00FEFF70 /* IASKTextView.m */ = {isa = PBXFileReference; fileEncoding = 4; lastKnownFileType = sourcecode.c.objc; path = IASKTextView.m; sourceTree = "<group>"; };
		C28D2D291F8774CE00FEFF70 /* IASKPSSliderSpecifierViewCell.m */ = {isa = PBXFileReference; fileEncoding = 4; lastKnownFileType = sourcecode.c.objc; path = IASKPSSliderSpecifierViewCell.m; sourceTree = "<group>"; };
		C28D2D2A1F8774CE00FEFF70 /* IASKSlider.h */ = {isa = PBXFileReference; fileEncoding = 4; lastKnownFileType = sourcecode.c.h; path = IASKSlider.h; sourceTree = "<group>"; };
		C28D2D2B1F8774CE00FEFF70 /* IASKTextViewCell.h */ = {isa = PBXFileReference; fileEncoding = 4; lastKnownFileType = sourcecode.c.h; path = IASKTextViewCell.h; sourceTree = "<group>"; };
		C28D2D2C1F8774CE00FEFF70 /* IASKTextField.h */ = {isa = PBXFileReference; fileEncoding = 4; lastKnownFileType = sourcecode.c.h; path = IASKTextField.h; sourceTree = "<group>"; };
		C28D2D2D1F8774CE00FEFF70 /* IASKTextView.h */ = {isa = PBXFileReference; fileEncoding = 4; lastKnownFileType = sourcecode.c.h; path = IASKTextView.h; sourceTree = "<group>"; };
		C28D2D2E1F8774CE00FEFF70 /* IASKSwitch.m */ = {isa = PBXFileReference; fileEncoding = 4; lastKnownFileType = sourcecode.c.objc; path = IASKSwitch.m; sourceTree = "<group>"; };
		C28D2D2F1F8774CE00FEFF70 /* IASKPSTextFieldSpecifierViewCell.m */ = {isa = PBXFileReference; fileEncoding = 4; lastKnownFileType = sourcecode.c.objc; path = IASKPSTextFieldSpecifierViewCell.m; sourceTree = "<group>"; };
		C28D2D301F8774CE00FEFF70 /* IASKPSSliderSpecifierViewCell.h */ = {isa = PBXFileReference; fileEncoding = 4; lastKnownFileType = sourcecode.c.h; path = IASKPSSliderSpecifierViewCell.h; sourceTree = "<group>"; };
		C28D2D311F8774CE00FEFF70 /* IASKTextField.m */ = {isa = PBXFileReference; fileEncoding = 4; lastKnownFileType = sourcecode.c.objc; path = IASKTextField.m; sourceTree = "<group>"; };
		C28D2D321F8774CE00FEFF70 /* IASKTextViewCell.m */ = {isa = PBXFileReference; fileEncoding = 4; lastKnownFileType = sourcecode.c.objc; path = IASKTextViewCell.m; sourceTree = "<group>"; };
		C28D2D331F8774CE00FEFF70 /* IASKSlider.m */ = {isa = PBXFileReference; fileEncoding = 4; lastKnownFileType = sourcecode.c.objc; path = IASKSlider.m; sourceTree = "<group>"; };
		C28D2D451F8774D300FEFF70 /* Settings.bundle */ = {isa = PBXFileReference; lastKnownFileType = "wrapper.plug-in"; path = Settings.bundle; sourceTree = "<group>"; };
		C28D2D471F8774D900FEFF70 /* SettingsViewController.swift */ = {isa = PBXFileReference; fileEncoding = 4; lastKnownFileType = sourcecode.swift; path = SettingsViewController.swift; sourceTree = "<group>"; };
		C28DFDB51F84A32600BF67D7 /* DataTransferViewController.swift */ = {isa = PBXFileReference; fileEncoding = 4; lastKnownFileType = sourcecode.swift; path = DataTransferViewController.swift; sourceTree = "<group>"; };
/* End PBXFileReference section */

/* Begin PBXFrameworksBuildPhase section */
		C2307D671F286BDC003DE8B1 /* Frameworks */ = {
			isa = PBXFrameworksBuildPhase;
			buildActionMask = 2147483647;
			files = (
				B6959F01DA6BF97D08CA13B8 /* Pods_SampleApp.framework in Frameworks */,
			);
			runOnlyForDeploymentPostprocessing = 0;
		};
/* End PBXFrameworksBuildPhase section */

/* Begin PBXGroup section */
		23BCFCBDC87F0FDC470A1BCA /* Pods */ = {
			isa = PBXGroup;
			children = (
				7AB7CB21FA0157DC54F51756 /* Pods-SampleApp.debug.xcconfig */,
				5008811218FCFFA7E006B412 /* Pods-SampleApp.release.xcconfig */,
			);
			name = Pods;
			sourceTree = "<group>";
		};
		8B7F3AC9F42D2CC83639FFE1 /* Frameworks */ = {
			isa = PBXGroup;
			children = (
				2B68370414BA7B9596DA6D3D /* Pods_SampleApp.framework */,
			);
			name = Frameworks;
			sourceTree = "<group>";
		};
		C2307D611F286BDC003DE8B1 = {
			isa = PBXGroup;
			children = (
				C2307D6C1F286BDC003DE8B1 /* SampleApp */,
				C2307D6B1F286BDC003DE8B1 /* Products */,
				23BCFCBDC87F0FDC470A1BCA /* Pods */,
				8B7F3AC9F42D2CC83639FFE1 /* Frameworks */,
			);
			sourceTree = "<group>";
		};
		C2307D6B1F286BDC003DE8B1 /* Products */ = {
			isa = PBXGroup;
			children = (
				C2307D6A1F286BDC003DE8B1 /* SampleApp.app */,
			);
			name = Products;
			sourceTree = "<group>";
		};
		C2307D6C1F286BDC003DE8B1 /* SampleApp */ = {
			isa = PBXGroup;
			children = (
				C2307D9D1F286CD4003DE8B1 /* TransferFileSamples */,
				C2307D6D1F286BDC003DE8B1 /* AppDelegate.swift */,
				C28DFDB51F84A32600BF67D7 /* DataTransferViewController.swift */,
				C20A893C1F28767A0033076D /* AudioCallViewController.swift */,
				C20A893E1F28768C0033076D /* FileTransferViewController.swift */,
				C20A89401F28769C0033076D /* MessagesViewController.swift */,
				C20A89421F2876AA0033076D /* MultiVideoCallViewController.swift */,
				C20A89441F2876BE0033076D /* VideoCallViewController.swift */,
				C20A89461F2876CE0033076D /* HomeViewController.swift */,
				C28D2D471F8774D900FEFF70 /* SettingsViewController.swift */,
				C20A89481F2876EA0033076D /* Constants.swift */,
				C20A894C1F29AC490033076D /* UIAspectFitButton.swift */,
				C2307D711F286BDC003DE8B1 /* Main.storyboard */,
				C2307D741F286BDC003DE8B1 /* Assets.xcassets */,
				C2307D761F286BDC003DE8B1 /* LaunchScreen.storyboard */,
				C2307D791F286BDC003DE8B1 /* Info.plist */,
				C2307DA01F286D35003DE8B1 /* SampleApp-Bridging-Header.h */,
				C28D2D451F8774D300FEFF70 /* Settings.bundle */,
				C28D2CFE1F8774CE00FEFF70 /* InAppSettingsKit */,
			);
			path = SampleApp;
			sourceTree = "<group>";
		};
		C2307D9D1F286CD4003DE8B1 /* TransferFileSamples */ = {
			isa = PBXGroup;
			children = (
				C2307D9E1F286CD4003DE8B1 /* sampleImage_groupTransfer.png */,
				C2307D9F1F286CD4003DE8B1 /* sampleImage_transfer.png */,
			);
			path = TransferFileSamples;
			sourceTree = "<group>";
		};
		C28D2CFE1F8774CE00FEFF70 /* InAppSettingsKit */ = {
			isa = PBXGroup;
			children = (
				C28D2CFF1F8774CE00FEFF70 /* Resources */,
				C28D2D101F8774CE00FEFF70 /* Models */,
				C28D2D1B1F8774CE00FEFF70 /* Controllers */,
				C28D2D251F8774CE00FEFF70 /* Views */,
			);
			path = InAppSettingsKit;
			sourceTree = "<group>";
		};
		C28D2CFF1F8774CE00FEFF70 /* Resources */ = {
			isa = PBXGroup;
			children = (
				C28D2D001F8774CE00FEFF70 /* IASKLocalizable.strings */,
			);
			path = Resources;
			sourceTree = "<group>";
		};
		C28D2D101F8774CE00FEFF70 /* Models */ = {
			isa = PBXGroup;
			children = (
				C28D2D111F8774CE00FEFF70 /* IASKSettingsStore.h */,
				C28D2D121F8774CE00FEFF70 /* IASKSpecifier.m */,
				C28D2D131F8774CE00FEFF70 /* IASKSettingsStoreFile.h */,
				C28D2D141F8774CE00FEFF70 /* IASKSettingsStoreUserDefaults.m */,
				C28D2D151F8774CE00FEFF70 /* IASKSettingsReader.m */,
				C28D2D161F8774CE00FEFF70 /* IASKSettingsStoreFile.m */,
				C28D2D171F8774CE00FEFF70 /* IASKSpecifier.h */,
				C28D2D181F8774CE00FEFF70 /* IASKSettingsStore.m */,
				C28D2D191F8774CE00FEFF70 /* IASKSettingsReader.h */,
				C28D2D1A1F8774CE00FEFF70 /* IASKSettingsStoreUserDefaults.h */,
			);
			path = Models;
			sourceTree = "<group>";
		};
		C28D2D1B1F8774CE00FEFF70 /* Controllers */ = {
			isa = PBXGroup;
			children = (
				C28D2D1C1F8774CE00FEFF70 /* IASKMultipleValueSelection.h */,
				C28D2D1D1F8774CE00FEFF70 /* IASKAppSettingsViewController.h */,
				C28D2D1E1F8774CE00FEFF70 /* IASKSpecifierValuesViewController.h */,
				C28D2D1F1F8774CE00FEFF70 /* IASKAppSettingsWebViewController.m */,
				C28D2D201F8774CE00FEFF70 /* IASKAppSettingsViewController.m */,
				C28D2D211F8774CE00FEFF70 /* IASKMultipleValueSelection.m */,
				C28D2D221F8774CE00FEFF70 /* IASKAppSettingsWebViewController.h */,
				C28D2D231F8774CE00FEFF70 /* IASKViewController.h */,
				C28D2D241F8774CE00FEFF70 /* IASKSpecifierValuesViewController.m */,
			);
			path = Controllers;
			sourceTree = "<group>";
		};
		C28D2D251F8774CE00FEFF70 /* Views */ = {
			isa = PBXGroup;
			children = (
				C28D2D261F8774CE00FEFF70 /* IASKPSTextFieldSpecifierViewCell.h */,
				C28D2D271F8774CE00FEFF70 /* IASKSwitch.h */,
				C28D2D281F8774CE00FEFF70 /* IASKTextView.m */,
				C28D2D291F8774CE00FEFF70 /* IASKPSSliderSpecifierViewCell.m */,
				C28D2D2A1F8774CE00FEFF70 /* IASKSlider.h */,
				C28D2D2B1F8774CE00FEFF70 /* IASKTextViewCell.h */,
				C28D2D2C1F8774CE00FEFF70 /* IASKTextField.h */,
				C28D2D2D1F8774CE00FEFF70 /* IASKTextView.h */,
				C28D2D2E1F8774CE00FEFF70 /* IASKSwitch.m */,
				C28D2D2F1F8774CE00FEFF70 /* IASKPSTextFieldSpecifierViewCell.m */,
				C28D2D301F8774CE00FEFF70 /* IASKPSSliderSpecifierViewCell.h */,
				C28D2D311F8774CE00FEFF70 /* IASKTextField.m */,
				C28D2D321F8774CE00FEFF70 /* IASKTextViewCell.m */,
				C28D2D331F8774CE00FEFF70 /* IASKSlider.m */,
			);
			path = Views;
			sourceTree = "<group>";
		};
/* End PBXGroup section */

/* Begin PBXNativeTarget section */
		C2307D691F286BDC003DE8B1 /* SampleApp */ = {
			isa = PBXNativeTarget;
			buildConfigurationList = C2307D7C1F286BDC003DE8B1 /* Build configuration list for PBXNativeTarget "SampleApp" */;
			buildPhases = (
				2A93909CA3A1F3365AA318FA /* [CP] Check Pods Manifest.lock */,
				C2307D661F286BDC003DE8B1 /* Sources */,
				C2307D671F286BDC003DE8B1 /* Frameworks */,
				C2307D681F286BDC003DE8B1 /* Resources */,
				304E74D22E5D5F57040CE4B0 /* [CP] Embed Pods Frameworks */,
				8E17C6CB17C278C93A44DD4C /* [CP] Copy Pods Resources */,
			);
			buildRules = (
			);
			dependencies = (
			);
			name = SampleApp;
			productName = SampleApp;
			productReference = C2307D6A1F286BDC003DE8B1 /* SampleApp.app */;
			productType = "com.apple.product-type.application";
		};
/* End PBXNativeTarget section */

/* Begin PBXProject section */
		C2307D621F286BDC003DE8B1 /* Project object */ = {
			isa = PBXProject;
			attributes = {
				LastSwiftUpdateCheck = 0900;
				LastUpgradeCheck = 0900;
				ORGANIZATIONNAME = Yuxi;
				TargetAttributes = {
					C2307D691F286BDC003DE8B1 = {
						CreatedOnToolsVersion = 9.0;
						LastSwiftMigration = 0900;
					};
				};
			};
			buildConfigurationList = C2307D651F286BDC003DE8B1 /* Build configuration list for PBXProject "SampleApp" */;
			compatibilityVersion = "Xcode 8.0";
			developmentRegion = en;
			hasScannedForEncodings = 0;
			knownRegions = (
				en,
				Base,
				de,
				el,
				ja,
				es,
				it,
				sv,
				tr,
				ru,
				fr,
				nl,
				th,
				pt,
				"pt-PT",
			);
			mainGroup = C2307D611F286BDC003DE8B1;
			productRefGroup = C2307D6B1F286BDC003DE8B1 /* Products */;
			projectDirPath = "";
			projectRoot = "";
			targets = (
				C2307D691F286BDC003DE8B1 /* SampleApp */,
			);
		};
/* End PBXProject section */

/* Begin PBXResourcesBuildPhase section */
		C2307D681F286BDC003DE8B1 /* Resources */ = {
			isa = PBXResourcesBuildPhase;
			buildActionMask = 2147483647;
			files = (
				C2307D781F286BDC003DE8B1 /* LaunchScreen.storyboard in Resources */,
				C28D2D341F8774CE00FEFF70 /* IASKLocalizable.strings in Resources */,
				C28D2D461F8774D300FEFF70 /* Settings.bundle in Resources */,
				C2307D751F286BDC003DE8B1 /* Assets.xcassets in Resources */,
				C2307D731F286BDC003DE8B1 /* Main.storyboard in Resources */,
			);
			runOnlyForDeploymentPostprocessing = 0;
		};
/* End PBXResourcesBuildPhase section */

/* Begin PBXShellScriptBuildPhase section */
		2A93909CA3A1F3365AA318FA /* [CP] Check Pods Manifest.lock */ = {
			isa = PBXShellScriptBuildPhase;
			buildActionMask = 2147483647;
			files = (
			);
			inputPaths = (
			);
			name = "[CP] Check Pods Manifest.lock";
			outputPaths = (
			);
			runOnlyForDeploymentPostprocessing = 0;
			shellPath = /bin/sh;
			shellScript = "diff \"${PODS_ROOT}/../Podfile.lock\" \"${PODS_ROOT}/Manifest.lock\" > /dev/null\nif [ $? != 0 ] ; then\n    # print error to STDERR\n    echo \"error: The sandbox is not in sync with the Podfile.lock. Run 'pod install' or update your CocoaPods installation.\" >&2\n    exit 1\nfi\n";
			showEnvVarsInLog = 0;
		};
		304E74D22E5D5F57040CE4B0 /* [CP] Embed Pods Frameworks */ = {
			isa = PBXShellScriptBuildPhase;
			buildActionMask = 2147483647;
			files = (
			);
			inputPaths = (
			);
			name = "[CP] Embed Pods Frameworks";
			outputPaths = (
			);
			runOnlyForDeploymentPostprocessing = 0;
			shellPath = /bin/sh;
			shellScript = "\"${SRCROOT}/Pods/Target Support Files/Pods-SampleApp/Pods-SampleApp-frameworks.sh\"\n";
			showEnvVarsInLog = 0;
		};
		8E17C6CB17C278C93A44DD4C /* [CP] Copy Pods Resources */ = {
			isa = PBXShellScriptBuildPhase;
			buildActionMask = 2147483647;
			files = (
			);
			inputPaths = (
			);
			name = "[CP] Copy Pods Resources";
			outputPaths = (
			);
			runOnlyForDeploymentPostprocessing = 0;
			shellPath = /bin/sh;
			shellScript = "\"${SRCROOT}/Pods/Target Support Files/Pods-SampleApp/Pods-SampleApp-resources.sh\"\n";
			showEnvVarsInLog = 0;
		};
/* End PBXShellScriptBuildPhase section */

/* Begin PBXSourcesBuildPhase section */
		C2307D661F286BDC003DE8B1 /* Sources */ = {
			isa = PBXSourcesBuildPhase;
			buildActionMask = 2147483647;
			files = (
				C2307D6E1F286BDC003DE8B1 /* AppDelegate.swift in Sources */,
				C28D2D3F1F8774CE00FEFF70 /* IASKPSSliderSpecifierViewCell.m in Sources */,
				C20A89431F2876AA0033076D /* MultiVideoCallViewController.swift in Sources */,
				C28D2D421F8774CE00FEFF70 /* IASKTextField.m in Sources */,
				C28DFDB61F84A32600BF67D7 /* DataTransferViewController.swift in Sources */,
				C20A89451F2876BE0033076D /* VideoCallViewController.swift in Sources */,
				C28D2D431F8774CE00FEFF70 /* IASKTextViewCell.m in Sources */,
				C28D2D3A1F8774CE00FEFF70 /* IASKAppSettingsWebViewController.m in Sources */,
				C20A893D1F28767A0033076D /* AudioCallViewController.swift in Sources */,
				C28D2D3C1F8774CE00FEFF70 /* IASKMultipleValueSelection.m in Sources */,
				C20A89411F28769C0033076D /* MessagesViewController.swift in Sources */,
				C28D2D3B1F8774CE00FEFF70 /* IASKAppSettingsViewController.m in Sources */,
				C28D2D381F8774CE00FEFF70 /* IASKSettingsStoreFile.m in Sources */,
				C28D2D371F8774CE00FEFF70 /* IASKSettingsReader.m in Sources */,
				C20A894D1F29AC490033076D /* UIAspectFitButton.swift in Sources */,
				C28D2D351F8774CE00FEFF70 /* IASKSpecifier.m in Sources */,
				C28D2D441F8774CE00FEFF70 /* IASKSlider.m in Sources */,
				C28D2D391F8774CE00FEFF70 /* IASKSettingsStore.m in Sources */,
				C28D2D3D1F8774CE00FEFF70 /* IASKSpecifierValuesViewController.m in Sources */,
				C20A89471F2876CE0033076D /* HomeViewController.swift in Sources */,
				C28D2D401F8774CE00FEFF70 /* IASKSwitch.m in Sources */,
				C20A893F1F28768C0033076D /* FileTransferViewController.swift in Sources */,
				C28D2D411F8774CE00FEFF70 /* IASKPSTextFieldSpecifierViewCell.m in Sources */,
				C28D2D3E1F8774CE00FEFF70 /* IASKTextView.m in Sources */,
				C20A89491F2876EA0033076D /* Constants.swift in Sources */,
				C28D2D361F8774CE00FEFF70 /* IASKSettingsStoreUserDefaults.m in Sources */,
				C28D2D481F8774D900FEFF70 /* SettingsViewController.swift in Sources */,
			);
			runOnlyForDeploymentPostprocessing = 0;
		};
/* End PBXSourcesBuildPhase section */

/* Begin PBXVariantGroup section */
		C2307D711F286BDC003DE8B1 /* Main.storyboard */ = {
			isa = PBXVariantGroup;
			children = (
				C2307D721F286BDC003DE8B1 /* Base */,
			);
			name = Main.storyboard;
			sourceTree = "<group>";
		};
		C2307D761F286BDC003DE8B1 /* LaunchScreen.storyboard */ = {
			isa = PBXVariantGroup;
			children = (
				C2307D771F286BDC003DE8B1 /* Base */,
			);
			name = LaunchScreen.storyboard;
			sourceTree = "<group>";
		};
		C28D2D001F8774CE00FEFF70 /* IASKLocalizable.strings */ = {
			isa = PBXVariantGroup;
			children = (
				C28D2D011F8774CE00FEFF70 /* de */,
				C28D2D021F8774CE00FEFF70 /* el */,
				C28D2D031F8774CE00FEFF70 /* ja */,
				C28D2D041F8774CE00FEFF70 /* en */,
				C28D2D051F8774CE00FEFF70 /* es */,
				C28D2D061F8774CE00FEFF70 /* it */,
				C28D2D071F8774CE00FEFF70 /* sv */,
				C28D2D081F8774CE00FEFF70 /* Base */,
				C28D2D091F8774CE00FEFF70 /* tr */,
				C28D2D0A1F8774CE00FEFF70 /* ru */,
				C28D2D0B1F8774CE00FEFF70 /* fr */,
				C28D2D0C1F8774CE00FEFF70 /* nl */,
				C28D2D0D1F8774CE00FEFF70 /* th */,
				C28D2D0E1F8774CE00FEFF70 /* pt */,
				C28D2D0F1F8774CE00FEFF70 /* pt-PT */,
			);
			name = IASKLocalizable.strings;
			sourceTree = "<group>";
		};
/* End PBXVariantGroup section */

/* Begin XCBuildConfiguration section */
		C2307D7A1F286BDC003DE8B1 /* Debug */ = {
			isa = XCBuildConfiguration;
			buildSettings = {
				ALWAYS_SEARCH_USER_PATHS = NO;
				CLANG_ANALYZER_NONNULL = YES;
				CLANG_ANALYZER_NUMBER_OBJECT_CONVERSION = YES_AGGRESSIVE;
				CLANG_CXX_LANGUAGE_STANDARD = "gnu++14";
				CLANG_CXX_LIBRARY = "libc++";
				CLANG_ENABLE_MODULES = YES;
				CLANG_ENABLE_OBJC_ARC = YES;
				CLANG_WARN_BLOCK_CAPTURE_AUTORELEASING = YES;
				CLANG_WARN_BOOL_CONVERSION = YES;
				CLANG_WARN_COMMA = YES;
				CLANG_WARN_CONSTANT_CONVERSION = YES;
				CLANG_WARN_DIRECT_OBJC_ISA_USAGE = YES_ERROR;
				CLANG_WARN_DOCUMENTATION_COMMENTS = YES;
				CLANG_WARN_EMPTY_BODY = YES;
				CLANG_WARN_ENUM_CONVERSION = YES;
				CLANG_WARN_INFINITE_RECURSION = YES;
				CLANG_WARN_INT_CONVERSION = YES;
				CLANG_WARN_NON_LITERAL_NULL_CONVERSION = YES;
				CLANG_WARN_OBJC_LITERAL_CONVERSION = YES;
				CLANG_WARN_OBJC_ROOT_CLASS = YES_ERROR;
				CLANG_WARN_RANGE_LOOP_ANALYSIS = YES;
				CLANG_WARN_STRICT_PROTOTYPES = YES;
				CLANG_WARN_SUSPICIOUS_MOVE = YES;
				CLANG_WARN_UNGUARDED_AVAILABILITY = YES_AGGRESSIVE;
				CLANG_WARN_UNREACHABLE_CODE = YES;
				CLANG_WARN__DUPLICATE_METHOD_MATCH = YES;
				CODE_SIGN_IDENTITY = "iPhone Developer";
				COPY_PHASE_STRIP = NO;
				DEBUG_INFORMATION_FORMAT = dwarf;
				ENABLE_STRICT_OBJC_MSGSEND = YES;
				ENABLE_TESTABILITY = YES;
				GCC_C_LANGUAGE_STANDARD = gnu11;
				GCC_DYNAMIC_NO_PIC = NO;
				GCC_NO_COMMON_BLOCKS = YES;
				GCC_OPTIMIZATION_LEVEL = 0;
				GCC_PREPROCESSOR_DEFINITIONS = (
					"DEBUG=1",
					"$(inherited)",
				);
				GCC_WARN_64_TO_32_BIT_CONVERSION = YES;
				GCC_WARN_ABOUT_RETURN_TYPE = YES_ERROR;
				GCC_WARN_UNDECLARED_SELECTOR = YES;
				GCC_WARN_UNINITIALIZED_AUTOS = YES_AGGRESSIVE;
				GCC_WARN_UNUSED_FUNCTION = YES;
				GCC_WARN_UNUSED_VARIABLE = YES;
				IPHONEOS_DEPLOYMENT_TARGET = 9.0;
				MTL_ENABLE_DEBUG_INFO = YES;
				ONLY_ACTIVE_ARCH = YES;
				SDKROOT = iphoneos;
				SWIFT_ACTIVE_COMPILATION_CONDITIONS = DEBUG;
				SWIFT_OPTIMIZATION_LEVEL = "-Onone";
			};
			name = Debug;
		};
		C2307D7B1F286BDC003DE8B1 /* Release */ = {
			isa = XCBuildConfiguration;
			buildSettings = {
				ALWAYS_SEARCH_USER_PATHS = NO;
				CLANG_ANALYZER_NONNULL = YES;
				CLANG_ANALYZER_NUMBER_OBJECT_CONVERSION = YES_AGGRESSIVE;
				CLANG_CXX_LANGUAGE_STANDARD = "gnu++14";
				CLANG_CXX_LIBRARY = "libc++";
				CLANG_ENABLE_MODULES = YES;
				CLANG_ENABLE_OBJC_ARC = YES;
				CLANG_WARN_BLOCK_CAPTURE_AUTORELEASING = YES;
				CLANG_WARN_BOOL_CONVERSION = YES;
				CLANG_WARN_COMMA = YES;
				CLANG_WARN_CONSTANT_CONVERSION = YES;
				CLANG_WARN_DIRECT_OBJC_ISA_USAGE = YES_ERROR;
				CLANG_WARN_DOCUMENTATION_COMMENTS = YES;
				CLANG_WARN_EMPTY_BODY = YES;
				CLANG_WARN_ENUM_CONVERSION = YES;
				CLANG_WARN_INFINITE_RECURSION = YES;
				CLANG_WARN_INT_CONVERSION = YES;
				CLANG_WARN_NON_LITERAL_NULL_CONVERSION = YES;
				CLANG_WARN_OBJC_LITERAL_CONVERSION = YES;
				CLANG_WARN_OBJC_ROOT_CLASS = YES_ERROR;
				CLANG_WARN_RANGE_LOOP_ANALYSIS = YES;
				CLANG_WARN_STRICT_PROTOTYPES = YES;
				CLANG_WARN_SUSPICIOUS_MOVE = YES;
				CLANG_WARN_UNGUARDED_AVAILABILITY = YES_AGGRESSIVE;
				CLANG_WARN_UNREACHABLE_CODE = YES;
				CLANG_WARN__DUPLICATE_METHOD_MATCH = YES;
				CODE_SIGN_IDENTITY = "iPhone Developer";
				COPY_PHASE_STRIP = NO;
				DEBUG_INFORMATION_FORMAT = "dwarf-with-dsym";
				ENABLE_NS_ASSERTIONS = NO;
				ENABLE_STRICT_OBJC_MSGSEND = YES;
				GCC_C_LANGUAGE_STANDARD = gnu11;
				GCC_NO_COMMON_BLOCKS = YES;
				GCC_WARN_64_TO_32_BIT_CONVERSION = YES;
				GCC_WARN_ABOUT_RETURN_TYPE = YES_ERROR;
				GCC_WARN_UNDECLARED_SELECTOR = YES;
				GCC_WARN_UNINITIALIZED_AUTOS = YES_AGGRESSIVE;
				GCC_WARN_UNUSED_FUNCTION = YES;
				GCC_WARN_UNUSED_VARIABLE = YES;
				IPHONEOS_DEPLOYMENT_TARGET = 9.0;
				MTL_ENABLE_DEBUG_INFO = NO;
				SDKROOT = iphoneos;
				SWIFT_OPTIMIZATION_LEVEL = "-Owholemodule";
				VALIDATE_PRODUCT = YES;
			};
			name = Release;
		};
		C2307D7D1F286BDC003DE8B1 /* Debug */ = {
			isa = XCBuildConfiguration;
			baseConfigurationReference = 7AB7CB21FA0157DC54F51756 /* Pods-SampleApp.debug.xcconfig */;
			buildSettings = {
				ASSETCATALOG_COMPILER_APPICON_NAME = AppIcon;
				CLANG_ENABLE_MODULES = YES;
				DEVELOPMENT_TEAM = VVYWH469LG;
				ENABLE_BITCODE = NO;
				INFOPLIST_FILE = SampleApp/Info.plist;
				IPHONEOS_DEPLOYMENT_TARGET = 9.0;
				LD_RUNPATH_SEARCH_PATHS = "$(inherited) @executable_path/Frameworks";
				PRODUCT_BUNDLE_IDENTIFIER = co.ayne.SampleApp;
				PRODUCT_NAME = "$(TARGET_NAME)";
				SWIFT_OBJC_BRIDGING_HEADER = "SampleApp/SampleApp-Bridging-Header.h";
				SWIFT_OPTIMIZATION_LEVEL = "-Onone";
				SWIFT_VERSION = 4.0;
				TARGETED_DEVICE_FAMILY = "1,2";
			};
			name = Debug;
		};
		C2307D7E1F286BDC003DE8B1 /* Release */ = {
			isa = XCBuildConfiguration;
			baseConfigurationReference = 5008811218FCFFA7E006B412 /* Pods-SampleApp.release.xcconfig */;
			buildSettings = {
				ASSETCATALOG_COMPILER_APPICON_NAME = AppIcon;
				CLANG_ENABLE_MODULES = YES;
				DEVELOPMENT_TEAM = VVYWH469LG;
				ENABLE_BITCODE = NO;
				INFOPLIST_FILE = SampleApp/Info.plist;
				IPHONEOS_DEPLOYMENT_TARGET = 9.0;
				LD_RUNPATH_SEARCH_PATHS = "$(inherited) @executable_path/Frameworks";
				PRODUCT_BUNDLE_IDENTIFIER = co.ayne.SampleApp;
				PRODUCT_NAME = "$(TARGET_NAME)";
				SWIFT_OBJC_BRIDGING_HEADER = "SampleApp/SampleApp-Bridging-Header.h";
				SWIFT_VERSION = 4.0;
				TARGETED_DEVICE_FAMILY = "1,2";
			};
			name = Release;
		};
/* End XCBuildConfiguration section */

/* Begin XCConfigurationList section */
		C2307D651F286BDC003DE8B1 /* Build configuration list for PBXProject "SampleApp" */ = {
			isa = XCConfigurationList;
			buildConfigurations = (
				C2307D7A1F286BDC003DE8B1 /* Debug */,
				C2307D7B1F286BDC003DE8B1 /* Release */,
			);
			defaultConfigurationIsVisible = 0;
			defaultConfigurationName = Release;
		};
		C2307D7C1F286BDC003DE8B1 /* Build configuration list for PBXNativeTarget "SampleApp" */ = {
			isa = XCConfigurationList;
			buildConfigurations = (
				C2307D7D1F286BDC003DE8B1 /* Debug */,
				C2307D7E1F286BDC003DE8B1 /* Release */,
			);
			defaultConfigurationIsVisible = 0;
			defaultConfigurationName = Release;
		};
/* End XCConfigurationList section */
	};
	rootObject = C2307D621F286BDC003DE8B1 /* Project object */;
}
