// !$*UTF8*$!
{
	archiveVersion = 1;
	classes = {
	};
	objectVersion = 48;
	objects = {

/* Begin PBXBuildFile section */
		C20A893D1F28767A0033076D /* AudioCallViewController.swift in Sources */ = {isa = PBXBuildFile; fileRef = C20A893C1F28767A0033076D /* AudioCallViewController.swift */; };
		C20A893F1F28768C0033076D /* FileTransferViewController.swift in Sources */ = {isa = PBXBuildFile; fileRef = C20A893E1F28768C0033076D /* FileTransferViewController.swift */; };
		C20A89411F28769C0033076D /* MessagesViewController.swift in Sources */ = {isa = PBXBuildFile; fileRef = C20A89401F28769C0033076D /* MessagesViewController.swift */; };
		C20A89431F2876AA0033076D /* MultiVideoCallViewController.swift in Sources */ = {isa = PBXBuildFile; fileRef = C20A89421F2876AA0033076D /* MultiVideoCallViewController.swift */; };
		C20A89451F2876BE0033076D /* VideoCallViewController.swift in Sources */ = {isa = PBXBuildFile; fileRef = C20A89441F2876BE0033076D /* VideoCallViewController.swift */; };
		C20A89471F2876CE0033076D /* HomeViewController.swift in Sources */ = {isa = PBXBuildFile; fileRef = C20A89461F2876CE0033076D /* HomeViewController.swift */; };
		C20A89491F2876EA0033076D /* Constants.swift in Sources */ = {isa = PBXBuildFile; fileRef = C20A89481F2876EA0033076D /* Constants.swift */; };
		C20A894D1F29AC490033076D /* UIAspectFitButton.swift in Sources */ = {isa = PBXBuildFile; fileRef = C20A894C1F29AC490033076D /* UIAspectFitButton.swift */; };
		C21939E520621EBB0075D0A2 /* SettingCell.swift in Sources */ = {isa = PBXBuildFile; fileRef = C21939E320621EBB0075D0A2 /* SettingCell.swift */; };
		C21939E620621EBB0075D0A2 /* SettingCell.xib in Resources */ = {isa = PBXBuildFile; fileRef = C21939E420621EBB0075D0A2 /* SettingCell.xib */; };
		C22ED305208ED8FA00FADE82 /* sampleImage_groupTransfer.png in Resources */ = {isa = PBXBuildFile; fileRef = C2307D9E1F286CD4003DE8B1 /* sampleImage_groupTransfer.png */; };
		C22ED306208ED8FD00FADE82 /* sampleImage_transfer.png in Resources */ = {isa = PBXBuildFile; fileRef = C2307D9F1F286CD4003DE8B1 /* sampleImage_transfer.png */; };
		C2307D6E1F286BDC003DE8B1 /* AppDelegate.swift in Sources */ = {isa = PBXBuildFile; fileRef = C2307D6D1F286BDC003DE8B1 /* AppDelegate.swift */; };
		C2307D731F286BDC003DE8B1 /* Main.storyboard in Resources */ = {isa = PBXBuildFile; fileRef = C2307D711F286BDC003DE8B1 /* Main.storyboard */; };
		C2307D751F286BDC003DE8B1 /* Assets.xcassets in Resources */ = {isa = PBXBuildFile; fileRef = C2307D741F286BDC003DE8B1 /* Assets.xcassets */; };
		C2307D781F286BDC003DE8B1 /* LaunchScreen.storyboard in Resources */ = {isa = PBXBuildFile; fileRef = C2307D761F286BDC003DE8B1 /* LaunchScreen.storyboard */; };
		C28D2D481F8774D900FEFF70 /* SettingsViewController.swift in Sources */ = {isa = PBXBuildFile; fileRef = C28D2D471F8774D900FEFF70 /* SettingsViewController.swift */; };
		C28DFDB61F84A32600BF67D7 /* DataTransferViewController.swift in Sources */ = {isa = PBXBuildFile; fileRef = C28DFDB51F84A32600BF67D7 /* DataTransferViewController.swift */; };
/* End PBXBuildFile section */

/* Begin PBXFileReference section */
		C20A893C1F28767A0033076D /* AudioCallViewController.swift */ = {isa = PBXFileReference; lastKnownFileType = sourcecode.swift; path = AudioCallViewController.swift; sourceTree = "<group>"; };
		C20A893E1F28768C0033076D /* FileTransferViewController.swift */ = {isa = PBXFileReference; lastKnownFileType = sourcecode.swift; path = FileTransferViewController.swift; sourceTree = "<group>"; };
		C20A89401F28769C0033076D /* MessagesViewController.swift */ = {isa = PBXFileReference; lastKnownFileType = sourcecode.swift; path = MessagesViewController.swift; sourceTree = "<group>"; };
		C20A89421F2876AA0033076D /* MultiVideoCallViewController.swift */ = {isa = PBXFileReference; lastKnownFileType = sourcecode.swift; path = MultiVideoCallViewController.swift; sourceTree = "<group>"; };
		C20A89441F2876BE0033076D /* VideoCallViewController.swift */ = {isa = PBXFileReference; lastKnownFileType = sourcecode.swift; path = VideoCallViewController.swift; sourceTree = "<group>"; };
		C20A89461F2876CE0033076D /* HomeViewController.swift */ = {isa = PBXFileReference; lastKnownFileType = sourcecode.swift; path = HomeViewController.swift; sourceTree = "<group>"; };
		C20A89481F2876EA0033076D /* Constants.swift */ = {isa = PBXFileReference; lastKnownFileType = sourcecode.swift; path = Constants.swift; sourceTree = "<group>"; };
		C20A894C1F29AC490033076D /* UIAspectFitButton.swift */ = {isa = PBXFileReference; lastKnownFileType = sourcecode.swift; path = UIAspectFitButton.swift; sourceTree = "<group>"; };
		C21939E320621EBB0075D0A2 /* SettingCell.swift */ = {isa = PBXFileReference; fileEncoding = 4; lastKnownFileType = sourcecode.swift; path = SettingCell.swift; sourceTree = "<group>"; };
		C21939E420621EBB0075D0A2 /* SettingCell.xib */ = {isa = PBXFileReference; fileEncoding = 4; lastKnownFileType = file.xib; path = SettingCell.xib; sourceTree = "<group>"; };
		C2307D6A1F286BDC003DE8B1 /* SampleApp.app */ = {isa = PBXFileReference; explicitFileType = wrapper.application; includeInIndex = 0; path = SampleApp.app; sourceTree = BUILT_PRODUCTS_DIR; };
		C2307D6D1F286BDC003DE8B1 /* AppDelegate.swift */ = {isa = PBXFileReference; lastKnownFileType = sourcecode.swift; path = AppDelegate.swift; sourceTree = "<group>"; };
		C2307D721F286BDC003DE8B1 /* Base */ = {isa = PBXFileReference; lastKnownFileType = file.storyboard; name = Base; path = Base.lproj/Main.storyboard; sourceTree = "<group>"; };
		C2307D741F286BDC003DE8B1 /* Assets.xcassets */ = {isa = PBXFileReference; lastKnownFileType = folder.assetcatalog; path = Assets.xcassets; sourceTree = "<group>"; };
		C2307D771F286BDC003DE8B1 /* Base */ = {isa = PBXFileReference; lastKnownFileType = file.storyboard; name = Base; path = Base.lproj/LaunchScreen.storyboard; sourceTree = "<group>"; };
		C2307D791F286BDC003DE8B1 /* Info.plist */ = {isa = PBXFileReference; lastKnownFileType = text.plist.xml; path = Info.plist; sourceTree = "<group>"; };
		C2307D9E1F286CD4003DE8B1 /* sampleImage_groupTransfer.png */ = {isa = PBXFileReference; lastKnownFileType = image.png; path = sampleImage_groupTransfer.png; sourceTree = "<group>"; };
		C2307D9F1F286CD4003DE8B1 /* sampleImage_transfer.png */ = {isa = PBXFileReference; lastKnownFileType = image.png; path = sampleImage_transfer.png; sourceTree = "<group>"; };
		C2307DA01F286D35003DE8B1 /* SampleApp-Bridging-Header.h */ = {isa = PBXFileReference; lastKnownFileType = sourcecode.c.h; path = "SampleApp-Bridging-Header.h"; sourceTree = "<group>"; };
		C28D2D471F8774D900FEFF70 /* SettingsViewController.swift */ = {isa = PBXFileReference; fileEncoding = 4; lastKnownFileType = sourcecode.swift; path = SettingsViewController.swift; sourceTree = "<group>"; };
		C28DFDB51F84A32600BF67D7 /* DataTransferViewController.swift */ = {isa = PBXFileReference; fileEncoding = 4; lastKnownFileType = sourcecode.swift; path = DataTransferViewController.swift; sourceTree = "<group>"; };
/* End PBXFileReference section */

/* Begin PBXFrameworksBuildPhase section */
		C2307D671F286BDC003DE8B1 /* Frameworks */ = {
			isa = PBXFrameworksBuildPhase;
			buildActionMask = 2147483647;
			files = (
			);
			runOnlyForDeploymentPostprocessing = 0;
		};
/* End PBXFrameworksBuildPhase section */

/* Begin PBXGroup section */
		C2307D611F286BDC003DE8B1 = {
			isa = PBXGroup;
			children = (
				C2307D6C1F286BDC003DE8B1 /* SampleApp */,
				C2307D6B1F286BDC003DE8B1 /* Products */,
			);
			sourceTree = "<group>";
		};
		C2307D6B1F286BDC003DE8B1 /* Products */ = {
			isa = PBXGroup;
			children = (
				C2307D6A1F286BDC003DE8B1 /* SampleApp.app */,
			);
			name = Products;
			sourceTree = "<group>";
		};
		C2307D6C1F286BDC003DE8B1 /* SampleApp */ = {
			isa = PBXGroup;
			children = (
				C2307D9D1F286CD4003DE8B1 /* TransferFileSamples */,
				C2307D6D1F286BDC003DE8B1 /* AppDelegate.swift */,
				C28DFDB51F84A32600BF67D7 /* DataTransferViewController.swift */,
				C20A893C1F28767A0033076D /* AudioCallViewController.swift */,
				C20A893E1F28768C0033076D /* FileTransferViewController.swift */,
				C20A89401F28769C0033076D /* MessagesViewController.swift */,
				C20A89421F2876AA0033076D /* MultiVideoCallViewController.swift */,
				C20A89441F2876BE0033076D /* VideoCallViewController.swift */,
				C20A89461F2876CE0033076D /* HomeViewController.swift */,
				C28D2D471F8774D900FEFF70 /* SettingsViewController.swift */,
				C20A89481F2876EA0033076D /* Constants.swift */,
				C20A894C1F29AC490033076D /* UIAspectFitButton.swift */,
				C2307D711F286BDC003DE8B1 /* Main.storyboard */,
				C21939E320621EBB0075D0A2 /* SettingCell.swift */,
				C21939E420621EBB0075D0A2 /* SettingCell.xib */,
				C2307D741F286BDC003DE8B1 /* Assets.xcassets */,
				C2307D761F286BDC003DE8B1 /* LaunchScreen.storyboard */,
				C2307D791F286BDC003DE8B1 /* Info.plist */,
				C2307DA01F286D35003DE8B1 /* SampleApp-Bridging-Header.h */,
			);
			path = SampleApp;
			sourceTree = "<group>";
		};
		C2307D9D1F286CD4003DE8B1 /* TransferFileSamples */ = {
			isa = PBXGroup;
			children = (
				C2307D9E1F286CD4003DE8B1 /* sampleImage_groupTransfer.png */,
				C2307D9F1F286CD4003DE8B1 /* sampleImage_transfer.png */,
			);
			path = TransferFileSamples;
			sourceTree = "<group>";
		};
/* End PBXGroup section */

/* Begin PBXNativeTarget section */
		C2307D691F286BDC003DE8B1 /* SampleApp */ = {
			isa = PBXNativeTarget;
			buildConfigurationList = C2307D7C1F286BDC003DE8B1 /* Build configuration list for PBXNativeTarget "SampleApp" */;
			buildPhases = (
				C2307D661F286BDC003DE8B1 /* Sources */,
				C2307D671F286BDC003DE8B1 /* Frameworks */,
				C2307D681F286BDC003DE8B1 /* Resources */,
			);
			buildRules = (
			);
			dependencies = (
			);
			name = SampleApp;
			productName = SampleApp;
			productReference = C2307D6A1F286BDC003DE8B1 /* SampleApp.app */;
			productType = "com.apple.product-type.application";
		};
/* End PBXNativeTarget section */

/* Begin PBXProject section */
		C2307D621F286BDC003DE8B1 /* Project object */ = {
			isa = PBXProject;
			attributes = {
				LastSwiftUpdateCheck = 0900;
				LastUpgradeCheck = 1000;
				ORGANIZATIONNAME = Yuxi;
				TargetAttributes = {
					C2307D691F286BDC003DE8B1 = {
						CreatedOnToolsVersion = 9.0;
						LastSwiftMigration = 1000;
					};
				};
			};
			buildConfigurationList = C2307D651F286BDC003DE8B1 /* Build configuration list for PBXProject "SampleApp" */;
			compatibilityVersion = "Xcode 8.0";
			developmentRegion = en;
			hasScannedForEncodings = 0;
			knownRegions = (
				en,
				Base,
				de,
				el,
				ja,
				es,
				it,
				sv,
				tr,
				ru,
				fr,
				nl,
				th,
				pt,
				"pt-PT",
			);
			mainGroup = C2307D611F286BDC003DE8B1;
			productRefGroup = C2307D6B1F286BDC003DE8B1 /* Products */;
			projectDirPath = "";
			projectRoot = "";
			targets = (
				C2307D691F286BDC003DE8B1 /* SampleApp */,
			);
		};
/* End PBXProject section */

/* Begin PBXResourcesBuildPhase section */
		C2307D681F286BDC003DE8B1 /* Resources */ = {
			isa = PBXResourcesBuildPhase;
			buildActionMask = 2147483647;
			files = (
				C2307D781F286BDC003DE8B1 /* LaunchScreen.storyboard in Resources */,
				C2307D751F286BDC003DE8B1 /* Assets.xcassets in Resources */,
				C22ED306208ED8FD00FADE82 /* sampleImage_transfer.png in Resources */,
				C21939E620621EBB0075D0A2 /* SettingCell.xib in Resources */,
				C2307D731F286BDC003DE8B1 /* Main.storyboard in Resources */,
				C22ED305208ED8FA00FADE82 /* sampleImage_groupTransfer.png in Resources */,
			);
			runOnlyForDeploymentPostprocessing = 0;
		};
/* End PBXResourcesBuildPhase section */

/* Begin PBXSourcesBuildPhase section */
		C2307D661F286BDC003DE8B1 /* Sources */ = {
			isa = PBXSourcesBuildPhase;
			buildActionMask = 2147483647;
			files = (
				C2307D6E1F286BDC003DE8B1 /* AppDelegate.swift in Sources */,
				C20A89431F2876AA0033076D /* MultiVideoCallViewController.swift in Sources */,
				C28DFDB61F84A32600BF67D7 /* DataTransferViewController.swift in Sources */,
				C20A89451F2876BE0033076D /* VideoCallViewController.swift in Sources */,
				C20A893D1F28767A0033076D /* AudioCallViewController.swift in Sources */,
				C20A89411F28769C0033076D /* MessagesViewController.swift in Sources */,
				C20A894D1F29AC490033076D /* UIAspectFitButton.swift in Sources */,
				C21939E520621EBB0075D0A2 /* SettingCell.swift in Sources */,
				C20A89471F2876CE0033076D /* HomeViewController.swift in Sources */,
				C20A893F1F28768C0033076D /* FileTransferViewController.swift in Sources */,
				C20A89491F2876EA0033076D /* Constants.swift in Sources */,
				C28D2D481F8774D900FEFF70 /* SettingsViewController.swift in Sources */,
			);
			runOnlyForDeploymentPostprocessing = 0;
		};
/* End PBXSourcesBuildPhase section */

/* Begin PBXVariantGroup section */
		C2307D711F286BDC003DE8B1 /* Main.storyboard */ = {
			isa = PBXVariantGroup;
			children = (
				C2307D721F286BDC003DE8B1 /* Base */,
			);
			name = Main.storyboard;
			sourceTree = "<group>";
		};
		C2307D761F286BDC003DE8B1 /* LaunchScreen.storyboard */ = {
			isa = PBXVariantGroup;
			children = (
				C2307D771F286BDC003DE8B1 /* Base */,
			);
			name = LaunchScreen.storyboard;
			sourceTree = "<group>";
		};
/* End PBXVariantGroup section */

/* Begin XCBuildConfiguration section */
		C2307D7A1F286BDC003DE8B1 /* Debug */ = {
			isa = XCBuildConfiguration;
			buildSettings = {
				ALWAYS_SEARCH_USER_PATHS = NO;
				CLANG_ANALYZER_LOCALIZABILITY_NONLOCALIZED = YES;
				CLANG_ANALYZER_NONNULL = YES;
				CLANG_ANALYZER_NUMBER_OBJECT_CONVERSION = YES_AGGRESSIVE;
				CLANG_CXX_LANGUAGE_STANDARD = "gnu++14";
				CLANG_CXX_LIBRARY = "libc++";
				CLANG_ENABLE_MODULES = YES;
				CLANG_ENABLE_OBJC_ARC = YES;
				CLANG_WARN_BLOCK_CAPTURE_AUTORELEASING = YES;
				CLANG_WARN_BOOL_CONVERSION = YES;
				CLANG_WARN_COMMA = YES;
				CLANG_WARN_CONSTANT_CONVERSION = YES;
				CLANG_WARN_DEPRECATED_OBJC_IMPLEMENTATIONS = YES;
				CLANG_WARN_DIRECT_OBJC_ISA_USAGE = YES_ERROR;
				CLANG_WARN_DOCUMENTATION_COMMENTS = YES;
				CLANG_WARN_EMPTY_BODY = YES;
				CLANG_WARN_ENUM_CONVERSION = YES;
				CLANG_WARN_INFINITE_RECURSION = YES;
				CLANG_WARN_INT_CONVERSION = YES;
				CLANG_WARN_NON_LITERAL_NULL_CONVERSION = YES;
				CLANG_WARN_OBJC_IMPLICIT_RETAIN_SELF = YES;
				CLANG_WARN_OBJC_LITERAL_CONVERSION = YES;
				CLANG_WARN_OBJC_ROOT_CLASS = YES_ERROR;
				CLANG_WARN_RANGE_LOOP_ANALYSIS = YES;
				CLANG_WARN_STRICT_PROTOTYPES = YES;
				CLANG_WARN_SUSPICIOUS_MOVE = YES;
				CLANG_WARN_UNGUARDED_AVAILABILITY = YES_AGGRESSIVE;
				CLANG_WARN_UNREACHABLE_CODE = YES;
				CLANG_WARN__DUPLICATE_METHOD_MATCH = YES;
				CODE_SIGN_IDENTITY = "iPhone Developer";
				COPY_PHASE_STRIP = NO;
				DEBUG_INFORMATION_FORMAT = dwarf;
				ENABLE_STRICT_OBJC_MSGSEND = YES;
				ENABLE_TESTABILITY = YES;
				GCC_C_LANGUAGE_STANDARD = gnu11;
				GCC_DYNAMIC_NO_PIC = NO;
				GCC_NO_COMMON_BLOCKS = YES;
				GCC_OPTIMIZATION_LEVEL = 0;
				GCC_PREPROCESSOR_DEFINITIONS = (
					"DEBUG=1",
					"$(inherited)",
				);
				GCC_WARN_64_TO_32_BIT_CONVERSION = YES;
				GCC_WARN_ABOUT_RETURN_TYPE = YES_ERROR;
				GCC_WARN_UNDECLARED_SELECTOR = YES;
				GCC_WARN_UNINITIALIZED_AUTOS = YES_AGGRESSIVE;
				GCC_WARN_UNUSED_FUNCTION = YES;
				GCC_WARN_UNUSED_VARIABLE = YES;
				IPHONEOS_DEPLOYMENT_TARGET = 9.0;
				MTL_ENABLE_DEBUG_INFO = YES;
				ONLY_ACTIVE_ARCH = YES;
				SDKROOT = iphoneos;
				SWIFT_ACTIVE_COMPILATION_CONDITIONS = DEBUG;
				SWIFT_OPTIMIZATION_LEVEL = "-Onone";
			};
			name = Debug;
		};
		C2307D7B1F286BDC003DE8B1 /* Release */ = {
			isa = XCBuildConfiguration;
			buildSettings = {
				ALWAYS_SEARCH_USER_PATHS = NO;
				CLANG_ANALYZER_LOCALIZABILITY_NONLOCALIZED = YES;
				CLANG_ANALYZER_NONNULL = YES;
				CLANG_ANALYZER_NUMBER_OBJECT_CONVERSION = YES_AGGRESSIVE;
				CLANG_CXX_LANGUAGE_STANDARD = "gnu++14";
				CLANG_CXX_LIBRARY = "libc++";
				CLANG_ENABLE_MODULES = YES;
				CLANG_ENABLE_OBJC_ARC = YES;
				CLANG_WARN_BLOCK_CAPTURE_AUTORELEASING = YES;
				CLANG_WARN_BOOL_CONVERSION = YES;
				CLANG_WARN_COMMA = YES;
				CLANG_WARN_CONSTANT_CONVERSION = YES;
				CLANG_WARN_DEPRECATED_OBJC_IMPLEMENTATIONS = YES;
				CLANG_WARN_DIRECT_OBJC_ISA_USAGE = YES_ERROR;
				CLANG_WARN_DOCUMENTATION_COMMENTS = YES;
				CLANG_WARN_EMPTY_BODY = YES;
				CLANG_WARN_ENUM_CONVERSION = YES;
				CLANG_WARN_INFINITE_RECURSION = YES;
				CLANG_WARN_INT_CONVERSION = YES;
				CLANG_WARN_NON_LITERAL_NULL_CONVERSION = YES;
				CLANG_WARN_OBJC_IMPLICIT_RETAIN_SELF = YES;
				CLANG_WARN_OBJC_LITERAL_CONVERSION = YES;
				CLANG_WARN_OBJC_ROOT_CLASS = YES_ERROR;
				CLANG_WARN_RANGE_LOOP_ANALYSIS = YES;
				CLANG_WARN_STRICT_PROTOTYPES = YES;
				CLANG_WARN_SUSPICIOUS_MOVE = YES;
				CLANG_WARN_UNGUARDED_AVAILABILITY = YES_AGGRESSIVE;
				CLANG_WARN_UNREACHABLE_CODE = YES;
				CLANG_WARN__DUPLICATE_METHOD_MATCH = YES;
				CODE_SIGN_IDENTITY = "iPhone Developer";
				COPY_PHASE_STRIP = NO;
				DEBUG_INFORMATION_FORMAT = "dwarf-with-dsym";
				ENABLE_NS_ASSERTIONS = NO;
				ENABLE_STRICT_OBJC_MSGSEND = YES;
				GCC_C_LANGUAGE_STANDARD = gnu11;
				GCC_NO_COMMON_BLOCKS = YES;
				GCC_WARN_64_TO_32_BIT_CONVERSION = YES;
				GCC_WARN_ABOUT_RETURN_TYPE = YES_ERROR;
				GCC_WARN_UNDECLARED_SELECTOR = YES;
				GCC_WARN_UNINITIALIZED_AUTOS = YES_AGGRESSIVE;
				GCC_WARN_UNUSED_FUNCTION = YES;
				GCC_WARN_UNUSED_VARIABLE = YES;
				IPHONEOS_DEPLOYMENT_TARGET = 9.0;
				MTL_ENABLE_DEBUG_INFO = NO;
				SDKROOT = iphoneos;
				SWIFT_OPTIMIZATION_LEVEL = "-Owholemodule";
				VALIDATE_PRODUCT = YES;
			};
			name = Release;
		};
		C2307D7D1F286BDC003DE8B1 /* Debug */ = {
			isa = XCBuildConfiguration;
			buildSettings = {
				ASSETCATALOG_COMPILER_APPICON_NAME = AppIcon;
				CLANG_ENABLE_MODULES = YES;
				DEVELOPMENT_TEAM = VVYWH469LG;
				ENABLE_BITCODE = NO;
				INFOPLIST_FILE = SampleApp/Info.plist;
				IPHONEOS_DEPLOYMENT_TARGET = 9.0;
				LD_RUNPATH_SEARCH_PATHS = "$(inherited) @executable_path/Frameworks";
				PRODUCT_BUNDLE_IDENTIFIER = io.temasys.SampleApp;
				PRODUCT_NAME = "$(TARGET_NAME)";
				SWIFT_OBJC_BRIDGING_HEADER = "SampleApp/SampleApp-Bridging-Header.h";
				SWIFT_OPTIMIZATION_LEVEL = "-Onone";
				SWIFT_VERSION = 5.0;
				TARGETED_DEVICE_FAMILY = "1,2";
			};
			name = Debug;
		};
		C2307D7E1F286BDC003DE8B1 /* Release */ = {
			isa = XCBuildConfiguration;
			buildSettings = {
				ASSETCATALOG_COMPILER_APPICON_NAME = AppIcon;
				CLANG_ENABLE_MODULES = YES;
				DEVELOPMENT_TEAM = VVYWH469LG;
				ENABLE_BITCODE = NO;
				INFOPLIST_FILE = SampleApp/Info.plist;
				IPHONEOS_DEPLOYMENT_TARGET = 9.0;
				LD_RUNPATH_SEARCH_PATHS = "$(inherited) @executable_path/Frameworks";
				PRODUCT_BUNDLE_IDENTIFIER = io.temasys.SampleApp;
				PRODUCT_NAME = "$(TARGET_NAME)";
				SWIFT_OBJC_BRIDGING_HEADER = "SampleApp/SampleApp-Bridging-Header.h";
				SWIFT_VERSION = 5.0;
				TARGETED_DEVICE_FAMILY = "1,2";
			};
			name = Release;
		};
/* End XCBuildConfiguration section */

/* Begin XCConfigurationList section */
		C2307D651F286BDC003DE8B1 /* Build configuration list for PBXProject "SampleApp" */ = {
			isa = XCConfigurationList;
			buildConfigurations = (
				C2307D7A1F286BDC003DE8B1 /* Debug */,
				C2307D7B1F286BDC003DE8B1 /* Release */,
			);
			defaultConfigurationIsVisible = 0;
			defaultConfigurationName = Release;
		};
		C2307D7C1F286BDC003DE8B1 /* Build configuration list for PBXNativeTarget "SampleApp" */ = {
			isa = XCConfigurationList;
			buildConfigurations = (
				C2307D7D1F286BDC003DE8B1 /* Debug */,
				C2307D7E1F286BDC003DE8B1 /* Release */,
			);
			defaultConfigurationIsVisible = 0;
			defaultConfigurationName = Release;
		};
/* End XCConfigurationList section */
	};
	rootObject = C2307D621F286BDC003DE8B1 /* Project object */;
}
